
Microsoft Visual Studio Solution File, Format Version 12.00
# Visual Studio 15
Project("{FAE04EC0-301F-11D3-BF4B-00C04F79EFBC}") = "BiometricPrompt", "BiometricPrompt\BiometricPrompt.csproj", "{423A58E4-B4EE-4AFA-9508-608FA135AA5B}"
EndProject
Global
	GlobalSection(SolutionConfigurationPlatforms) = preSolution
		Debug|Any CPU = Debug|Any CPU
		Release|Any CPU = Release|Any CPU
	EndGlobalSection
	GlobalSection(ProjectConfigurationPlatforms) = postSolution
		{423A58E4-B4EE-4AFA-9508-608FA135AA5B}.Debug|Any CPU.ActiveCfg = Debug|Any CPU
		{423A58E4-B4EE-4AFA-9508-608FA135AA5B}.Debug|Any CPU.Build.0 = Debug|Any CPU
		{423A58E4-B4EE-4AFA-9508-608FA135AA5B}.Release|Any CPU.ActiveCfg = Release|Any CPU
		{423A58E4-B4EE-4AFA-9508-608FA135AA5B}.Release|Any CPU.Build.0 = Release|Any CPU
	EndGlobalSection
EndGlobal
